# THIS IS AN AUTOGENERATED FILE. DO NOT EDIT THIS FILE DIRECTLY.
# yarn lockfile v1


"@types/dompurify@^3.0.5":
  version "3.2.0"
  resolved "https://registry.yarnpkg.com/@types/dompurify/-/dompurify-3.2.0.tgz#56610bf3e4250df57744d61fbd95422e07dfb840"
  integrity sha512-Fgg31wv9QbLDA0SpTOXO3MaxySc4DKGLi8sna4/Utjo4r3ZRPdCt4UQee8BWr+Q5z21yifghREPJGYaEOEIACg==
  dependencies:
    dompurify "*"

"@types/trusted-types@^2.0.7":
  version "2.0.7"
  resolved "https://registry.yarnpkg.com/@types/trusted-types/-/trusted-types-2.0.7.tgz#baccb07a970b91707df3a3e8ba6896c57ead2d11"
  integrity sha512-ScaPdn1dQczgbl0QFTeTOmVHFULt394XJgOQNoyVhZ6r2vLnMLJfBPd53SB52T/3G36VI1/g2MZaX0cwDuXsfw==

dompurify@*:
  version "3.2.2"
  resolved "https://registry.yarnpkg.com/dompurify/-/dompurify-3.2.2.tgz#6c0518745e81686c74a684f5af1e5613e7cc0246"
  integrity sha512-YMM+erhdZ2nkZ4fTNRTSI94mb7VG7uVF5vj5Zde7tImgnhZE3R6YW/IACGIHb2ux+QkEXMhe591N+5jWOmL4Zw==
  optionalDependencies:
    "@types/trusted-types" "^2.0.7"

preact@^10.24.0:
  version "10.25.1"
  resolved "https://registry.yarnpkg.com/preact/-/preact-10.25.1.tgz#1c4b84253c42dee874bfbf6a92bdce45e3662665"
  integrity sha512-frxeZV2vhQSohQwJ7FvlqC40ze89+8friponWUFeVEkaCfhC6Eu4V0iND5C9CXz8JLndV07QRDeXzH1+Anz5Og==

typescript@^5.7.2:
  version "5.7.2"
  resolved "https://registry.yarnpkg.com/typescript/-/typescript-5.7.2.tgz#3169cf8c4c8a828cde53ba9ecb3d2b1d5dd67be6"
  integrity sha512-i5t66RHxDvVN40HfDd1PsEThGNnlMCMT3jMUuoh9/0TaqWevNontacunWyN02LA9/fIbEWlcHZcgTKb9QoaLfg==
